
Microsoft Visual Studio Solution File, Format Version 12.00
# Visual Studio 2015
Project("{FAE04EC0-301F-11D3-BF4B-00C04F79EFBC}") = "LightUpAssignment - AdrianChan.Plugins", "LightUpAssignment - AdrianChan.Plugins.csproj", "{C05B15D8-0214-823A-5F89-C3FDC204BA58}"
EndProject
Project("{FAE04EC0-301F-11D3-BF4B-00C04F79EFBC}") = "LightUpAssignment - AdrianChan", "LightUpAssignment - AdrianChan.csproj", "{14A59388-BDA8-73F7-47C5-4E6AC08D022B}"
EndProject
Project("{FAE04EC0-301F-11D3-BF4B-00C04F79EFBC}") = "LightUpAssignment - AdrianChan.Editor.Plugins", "LightUpAssignment - AdrianChan.Editor.Plugins.csproj", "{7E763ECE-3501-3624-6FC0-D50A12F6B212}"
EndProject
Global
	GlobalSection(SolutionConfigurationPlatforms) = preSolution
		Debug|Any CPU = Debug|Any CPU
		Release|Any CPU = Release|Any CPU
	EndGlobalSection
	GlobalSection(ProjectConfigurationPlatforms) = postSolution
		{C05B15D8-0214-823A-5F89-C3FDC204BA58}.Debug|Any CPU.ActiveCfg = Debug|Any CPU
		{C05B15D8-0214-823A-5F89-C3FDC204BA58}.Debug|Any CPU.Build.0 = Debug|Any CPU
		{C05B15D8-0214-823A-5F89-C3FDC204BA58}.Release|Any CPU.ActiveCfg = Release|Any CPU
		{C05B15D8-0214-823A-5F89-C3FDC204BA58}.Release|Any CPU.Build.0 = Release|Any CPU
		{14A59388-BDA8-73F7-47C5-4E6AC08D022B}.Debug|Any CPU.ActiveCfg = Debug|Any CPU
		{14A59388-BDA8-73F7-47C5-4E6AC08D022B}.Debug|Any CPU.Build.0 = Debug|Any CPU
		{14A59388-BDA8-73F7-47C5-4E6AC08D022B}.Release|Any CPU.ActiveCfg = Release|Any CPU
		{14A59388-BDA8-73F7-47C5-4E6AC08D022B}.Release|Any CPU.Build.0 = Release|Any CPU
		{7E763ECE-3501-3624-6FC0-D50A12F6B212}.Debug|Any CPU.ActiveCfg = Debug|Any CPU
		{7E763ECE-3501-3624-6FC0-D50A12F6B212}.Debug|Any CPU.Build.0 = Debug|Any CPU
		{7E763ECE-3501-3624-6FC0-D50A12F6B212}.Release|Any CPU.ActiveCfg = Release|Any CPU
		{7E763ECE-3501-3624-6FC0-D50A12F6B212}.Release|Any CPU.Build.0 = Release|Any CPU
	EndGlobalSection
	GlobalSection(SolutionProperties) = preSolution
		HideSolutionNode = FALSE
	EndGlobalSection
EndGlobal
